$begin 'ConnectionParameters'
	DesktopProcessID=9260
	DesktopProcessPath='C:\\Program Files\\AnsysEM\\AnsysEM20.2\\Win64\\ansysedt.exe'
	LaunchedByWB=false
	$begin 'DesktopStubBlock'
		$begin 'CommDetails'
			TransportType=1
			IPAddress='144.122.166.112'
			ListenPort='50275'
		$end 'CommDetails'
		$begin 'Marshall'
			InstanceID=503
			ProcID=9260
			InterfaceID=1
			FactoryIntID='DesktopInterfaceForWBProxyStubFactory'
		$end 'Marshall'
	$end 'DesktopStubBlock'
	$begin 'DesktopBackgroundObjStubBlock'
		$begin 'CommDetails'
			TransportType=1
			IPAddress='144.122.166.112'
			ListenPort='50275'
		$end 'CommDetails'
		$begin 'Marshall'
			InstanceID=505
			ProcID=9260
			InterfaceID=2
			FactoryIntID='DesktopInterfaceForWBProxyStubFactory'
		$end 'Marshall'
	$end 'DesktopBackgroundObjStubBlock'
$end 'ConnectionParameters'
